
Microsoft Visual Studio Solution File, Format Version 12.00
Project("{FAE04EC0-301F-11D3-BF4B-00C04F79EFBC}") = "backend", "backend\backend.csproj", "{D90DB0EF-9BD5-4804-B888-D6CFCD47FA4A}"
EndProject
Project("{2150E333-8FDC-42A3-9474-1A3956D46DE8}") = "Solution Items", "Solution Items", "{51F1BCE9-3F8A-4868-8BD4-C213AC2A764A}"
	ProjectSection(SolutionItems) = preProject
		docker-compose.yml = docker-compose.yml
	EndProjectSection
EndProject
Global
	GlobalSection(SolutionConfigurationPlatforms) = preSolution
		Debug|Any CPU = Debug|Any CPU
		Release|Any CPU = Release|Any CPU
	EndGlobalSection
	GlobalSection(ProjectConfigurationPlatforms) = postSolution
		{D90DB0EF-9BD5-4804-B888-D6CFCD47FA4A}.Debug|Any CPU.ActiveCfg = Debug|Any CPU
		{D90DB0EF-9BD5-4804-B888-D6CFCD47FA4A}.Debug|Any CPU.Build.0 = Debug|Any CPU
		{D90DB0EF-9BD5-4804-B888-D6CFCD47FA4A}.Release|Any CPU.ActiveCfg = Release|Any CPU
		{D90DB0EF-9BD5-4804-B888-D6CFCD47FA4A}.Release|Any CPU.Build.0 = Release|Any CPU
	EndGlobalSection
EndGlobal
